// !$*UTF8*$!
{
	archiveVersion = 1;
	classes = {
	};
	objectVersion = 50;
	objects = {

/* Begin PBXBuildFile section */
		014875755E713E47C5EFE286 /* libPods-Sky Movies-Sky MoviesTests.a in Frameworks */ = {isa = PBXBuildFile; fileRef = 6A543FA15A66A2B9E8D864AE /* libPods-Sky Movies-Sky MoviesTests.a */; };
		E4ACFE1B0CFCB8D3C0D782E6 /* libPods-Sky Movies.a in Frameworks */ = {isa = PBXBuildFile; fileRef = 89AAF307EB712977C0212194 /* libPods-Sky Movies.a */; };
		FA57896920C84D6F00CA3D12 /* MovieCVCell.swift in Sources */ = {isa = PBXBuildFile; fileRef = FA57896820C84D6F00CA3D12 /* MovieCVCell.swift */; };
		FA57896B20C8595900CA3D12 /* MovieHeaderView.swift in Sources */ = {isa = PBXBuildFile; fileRef = FA57896A20C8595900CA3D12 /* MovieHeaderView.swift */; };
		FA889BDC20C828AD00A67F47 /* AppDelegate.swift in Sources */ = {isa = PBXBuildFile; fileRef = FA889BDB20C828AD00A67F47 /* AppDelegate.swift */; };
		FA889BDE20C828AD00A67F47 /* MoviesVC.swift in Sources */ = {isa = PBXBuildFile; fileRef = FA889BDD20C828AD00A67F47 /* MoviesVC.swift */; };
		FA889BE120C828AD00A67F47 /* Main.storyboard in Resources */ = {isa = PBXBuildFile; fileRef = FA889BDF20C828AD00A67F47 /* Main.storyboard */; };
		FA889BE420C828AD00A67F47 /* Sky_Movies.xcdatamodeld in Sources */ = {isa = PBXBuildFile; fileRef = FA889BE220C828AD00A67F47 /* Sky_Movies.xcdatamodeld */; };
		FA889BE620C828AF00A67F47 /* Assets.xcassets in Resources */ = {isa = PBXBuildFile; fileRef = FA889BE520C828AF00A67F47 /* Assets.xcassets */; };
		FA889BE920C828AF00A67F47 /* LaunchScreen.storyboard in Resources */ = {isa = PBXBuildFile; fileRef = FA889BE720C828AF00A67F47 /* LaunchScreen.storyboard */; };
		FA889BF420C828B000A67F47 /* Sky_MoviesTests.swift in Sources */ = {isa = PBXBuildFile; fileRef = FA889BF320C828B000A67F47 /* Sky_MoviesTests.swift */; };
		FABE44F320CAF93F00EFE2E8 /* Alerts.swift in Sources */ = {isa = PBXBuildFile; fileRef = FABE44F220CAF93F00EFE2E8 /* Alerts.swift */; };
		FAFFDE6E20C8796600BD023D /* Movie.swift in Sources */ = {isa = PBXBuildFile; fileRef = FAFFDE6D20C8796600BD023D /* Movie.swift */; };
		FAFFDE7120C87C8B00BD023D /* Constants.swift in Sources */ = {isa = PBXBuildFile; fileRef = FAFFDE7020C87C8B00BD023D /* Constants.swift */; };
		FAFFDE7320C9D04C00BD023D /* DetailsVC.swift in Sources */ = {isa = PBXBuildFile; fileRef = FAFFDE7220C9D04C00BD023D /* DetailsVC.swift */; };
/* End PBXBuildFile section */

/* Begin PBXContainerItemProxy section */
		FA889BF020C828B000A67F47 /* PBXContainerItemProxy */ = {
			isa = PBXContainerItemProxy;
			containerPortal = FA889BD020C828AD00A67F47 /* Project object */;
			proxyType = 1;
			remoteGlobalIDString = FA889BD720C828AD00A67F47;
			remoteInfo = "Sky Movies";
		};
/* End PBXContainerItemProxy section */

/* Begin PBXFileReference section */
		0937F522A1BDA29171689CDD /* Pods-Sky Movies-Sky MoviesTests.release.xcconfig */ = {isa = PBXFileReference; includeInIndex = 1; lastKnownFileType = text.xcconfig; name = "Pods-Sky Movies-Sky MoviesTests.release.xcconfig"; path = "Pods/Target Support Files/Pods-Sky Movies-Sky MoviesTests/Pods-Sky Movies-Sky MoviesTests.release.xcconfig"; sourceTree = "<group>"; };
		22DFB50333C7567BF96BDE25 /* Pods-Sky Movies.debug.xcconfig */ = {isa = PBXFileReference; includeInIndex = 1; lastKnownFileType = text.xcconfig; name = "Pods-Sky Movies.debug.xcconfig"; path = "Pods/Target Support Files/Pods-Sky Movies/Pods-Sky Movies.debug.xcconfig"; sourceTree = "<group>"; };
		6A543FA15A66A2B9E8D864AE /* libPods-Sky Movies-Sky MoviesTests.a */ = {isa = PBXFileReference; explicitFileType = archive.ar; includeInIndex = 0; path = "libPods-Sky Movies-Sky MoviesTests.a"; sourceTree = BUILT_PRODUCTS_DIR; };
		89AAF307EB712977C0212194 /* libPods-Sky Movies.a */ = {isa = PBXFileReference; explicitFileType = archive.ar; includeInIndex = 0; path = "libPods-Sky Movies.a"; sourceTree = BUILT_PRODUCTS_DIR; };
		D62B397224AC1898F33E44D9 /* Pods-Sky Movies.release.xcconfig */ = {isa = PBXFileReference; includeInIndex = 1; lastKnownFileType = text.xcconfig; name = "Pods-Sky Movies.release.xcconfig"; path = "Pods/Target Support Files/Pods-Sky Movies/Pods-Sky Movies.release.xcconfig"; sourceTree = "<group>"; };
		FA2EA069165CE5A44F83EB0C /* Pods-Sky Movies-Sky MoviesTests.debug.xcconfig */ = {isa = PBXFileReference; includeInIndex = 1; lastKnownFileType = text.xcconfig; name = "Pods-Sky Movies-Sky MoviesTests.debug.xcconfig"; path = "Pods/Target Support Files/Pods-Sky Movies-Sky MoviesTests/Pods-Sky Movies-Sky MoviesTests.debug.xcconfig"; sourceTree = "<group>"; };
		FA57896820C84D6F00CA3D12 /* MovieCVCell.swift */ = {isa = PBXFileReference; lastKnownFileType = sourcecode.swift; path = MovieCVCell.swift; sourceTree = "<group>"; };
		FA57896A20C8595900CA3D12 /* MovieHeaderView.swift */ = {isa = PBXFileReference; lastKnownFileType = sourcecode.swift; path = MovieHeaderView.swift; sourceTree = "<group>"; };
		FA889BD820C828AD00A67F47 /* Sky Movies.app */ = {isa = PBXFileReference; explicitFileType = wrapper.application; includeInIndex = 0; path = "Sky Movies.app"; sourceTree = BUILT_PRODUCTS_DIR; };
		FA889BDB20C828AD00A67F47 /* AppDelegate.swift */ = {isa = PBXFileReference; lastKnownFileType = sourcecode.swift; path = AppDelegate.swift; sourceTree = "<group>"; };
		FA889BDD20C828AD00A67F47 /* MoviesVC.swift */ = {isa = PBXFileReference; lastKnownFileType = sourcecode.swift; path = MoviesVC.swift; sourceTree = "<group>"; };
		FA889BE020C828AD00A67F47 /* Base */ = {isa = PBXFileReference; lastKnownFileType = file.storyboard; name = Base; path = Base.lproj/Main.storyboard; sourceTree = "<group>"; };
		FA889BE320C828AD00A67F47 /* Sky_Movies.xcdatamodel */ = {isa = PBXFileReference; lastKnownFileType = wrapper.xcdatamodel; path = Sky_Movies.xcdatamodel; sourceTree = "<group>"; };
		FA889BE520C828AF00A67F47 /* Assets.xcassets */ = {isa = PBXFileReference; lastKnownFileType = folder.assetcatalog; path = Assets.xcassets; sourceTree = "<group>"; };
		FA889BE820C828AF00A67F47 /* Base */ = {isa = PBXFileReference; lastKnownFileType = file.storyboard; name = Base; path = Base.lproj/LaunchScreen.storyboard; sourceTree = "<group>"; };
		FA889BEA20C828AF00A67F47 /* Info.plist */ = {isa = PBXFileReference; lastKnownFileType = text.plist.xml; path = Info.plist; sourceTree = "<group>"; };
		FA889BEF20C828B000A67F47 /* Sky MoviesTests.xctest */ = {isa = PBXFileReference; explicitFileType = wrapper.cfbundle; includeInIndex = 0; path = "Sky MoviesTests.xctest"; sourceTree = BUILT_PRODUCTS_DIR; };
		FA889BF320C828B000A67F47 /* Sky_MoviesTests.swift */ = {isa = PBXFileReference; lastKnownFileType = sourcecode.swift; path = Sky_MoviesTests.swift; sourceTree = "<group>"; };
		FA889BF520C828B000A67F47 /* Info.plist */ = {isa = PBXFileReference; lastKnownFileType = text.plist.xml; path = Info.plist; sourceTree = "<group>"; };
		FABE44F220CAF93F00EFE2E8 /* Alerts.swift */ = {isa = PBXFileReference; fileEncoding = 4; lastKnownFileType = sourcecode.swift; path = Alerts.swift; sourceTree = "<group>"; };
		FAFFDE6D20C8796600BD023D /* Movie.swift */ = {isa = PBXFileReference; lastKnownFileType = sourcecode.swift; path = Movie.swift; sourceTree = "<group>"; };
		FAFFDE7020C87C8B00BD023D /* Constants.swift */ = {isa = PBXFileReference; lastKnownFileType = sourcecode.swift; path = Constants.swift; sourceTree = "<group>"; };
		FAFFDE7220C9D04C00BD023D /* DetailsVC.swift */ = {isa = PBXFileReference; lastKnownFileType = sourcecode.swift; path = DetailsVC.swift; sourceTree = "<group>"; };
/* End PBXFileReference section */

/* Begin PBXFrameworksBuildPhase section */
		FA889BD520C828AD00A67F47 /* Frameworks */ = {
			isa = PBXFrameworksBuildPhase;
			buildActionMask = 2147483647;
			files = (
				E4ACFE1B0CFCB8D3C0D782E6 /* libPods-Sky Movies.a in Frameworks */,
			);
			runOnlyForDeploymentPostprocessing = 0;
		};
		FA889BEC20C828B000A67F47 /* Frameworks */ = {
			isa = PBXFrameworksBuildPhase;
			buildActionMask = 2147483647;
			files = (
				014875755E713E47C5EFE286 /* libPods-Sky Movies-Sky MoviesTests.a in Frameworks */,
			);
			runOnlyForDeploymentPostprocessing = 0;
		};
/* End PBXFrameworksBuildPhase section */

/* Begin PBXGroup section */
		B8ADD3359A6785C921951A31 /* Frameworks */ = {
			isa = PBXGroup;
			children = (
				89AAF307EB712977C0212194 /* libPods-Sky Movies.a */,
				6A543FA15A66A2B9E8D864AE /* libPods-Sky Movies-Sky MoviesTests.a */,
			);
			name = Frameworks;
			sourceTree = "<group>";
		};
		E2117EE50E212C440CD9C8A8 /* Pods */ = {
			isa = PBXGroup;
			children = (
				22DFB50333C7567BF96BDE25 /* Pods-Sky Movies.debug.xcconfig */,
				D62B397224AC1898F33E44D9 /* Pods-Sky Movies.release.xcconfig */,
				FA2EA069165CE5A44F83EB0C /* Pods-Sky Movies-Sky MoviesTests.debug.xcconfig */,
				0937F522A1BDA29171689CDD /* Pods-Sky Movies-Sky MoviesTests.release.xcconfig */,
			);
			name = Pods;
			sourceTree = "<group>";
		};
		FA57896620C84D3800CA3D12 /* controller */ = {
			isa = PBXGroup;
			children = (
				FA889BDD20C828AD00A67F47 /* MoviesVC.swift */,
				FAFFDE7220C9D04C00BD023D /* DetailsVC.swift */,
			);
			path = controller;
			sourceTree = "<group>";
		};
		FA57896720C84D4D00CA3D12 /* view */ = {
			isa = PBXGroup;
			children = (
				FA57896820C84D6F00CA3D12 /* MovieCVCell.swift */,
				FA57896A20C8595900CA3D12 /* MovieHeaderView.swift */,
			);
			path = view;
			sourceTree = "<group>";
		};
		FA889BCF20C828AD00A67F47 = {
			isa = PBXGroup;
			children = (
				FA889BDA20C828AD00A67F47 /* Sky Movies */,
				FA889BF220C828B000A67F47 /* Sky MoviesTests */,
				FA889BD920C828AD00A67F47 /* Products */,
				E2117EE50E212C440CD9C8A8 /* Pods */,
				B8ADD3359A6785C921951A31 /* Frameworks */,
			);
			sourceTree = "<group>";
		};
		FA889BD920C828AD00A67F47 /* Products */ = {
			isa = PBXGroup;
			children = (
				FA889BD820C828AD00A67F47 /* Sky Movies.app */,
				FA889BEF20C828B000A67F47 /* Sky MoviesTests.xctest */,
			);
			name = Products;
			sourceTree = "<group>";
		};
		FA889BDA20C828AD00A67F47 /* Sky Movies */ = {
			isa = PBXGroup;
			children = (
				FAFFDE6F20C87C7D00BD023D /* Utils */,
				FAFFDE6C20C8793900BD023D /* model */,
				FA57896720C84D4D00CA3D12 /* view */,
				FA57896620C84D3800CA3D12 /* controller */,
				FA889BDB20C828AD00A67F47 /* AppDelegate.swift */,
				FA889BDF20C828AD00A67F47 /* Main.storyboard */,
				FA889BE520C828AF00A67F47 /* Assets.xcassets */,
				FA889BE720C828AF00A67F47 /* LaunchScreen.storyboard */,
				FA889BEA20C828AF00A67F47 /* Info.plist */,
				FA889BE220C828AD00A67F47 /* Sky_Movies.xcdatamodeld */,
			);
			path = "Sky Movies";
			sourceTree = "<group>";
		};
		FA889BF220C828B000A67F47 /* Sky MoviesTests */ = {
			isa = PBXGroup;
			children = (
				FA889BF320C828B000A67F47 /* Sky_MoviesTests.swift */,
				FA889BF520C828B000A67F47 /* Info.plist */,
			);
			path = "Sky MoviesTests";
			sourceTree = "<group>";
		};
		FAFFDE6C20C8793900BD023D /* model */ = {
			isa = PBXGroup;
			children = (
				FAFFDE6D20C8796600BD023D /* Movie.swift */,
			);
			path = model;
			sourceTree = "<group>";
		};
		FAFFDE6F20C87C7D00BD023D /* Utils */ = {
			isa = PBXGroup;
			children = (
				FAFFDE7020C87C8B00BD023D /* Constants.swift */,
				FABE44F220CAF93F00EFE2E8 /* Alerts.swift */,
			);
			path = Utils;
			sourceTree = "<group>";
		};
/* End PBXGroup section */

/* Begin PBXNativeTarget section */
		FA889BD720C828AD00A67F47 /* Sky Movies */ = {
			isa = PBXNativeTarget;
			buildConfigurationList = FA889BF820C828B000A67F47 /* Build configuration list for PBXNativeTarget "Sky Movies" */;
			buildPhases = (
				B8C373C827B0AC5A44AAE996 /* [CP] Check Pods Manifest.lock */,
				FA889BD420C828AD00A67F47 /* Sources */,
				FA889BD520C828AD00A67F47 /* Frameworks */,
				FA889BD620C828AD00A67F47 /* Resources */,
				6C8DDDBA3F1511D846C924D9 /* [CP] Copy Pods Resources */,
			);
			buildRules = (
			);
			dependencies = (
			);
			name = "Sky Movies";
			productName = "Sky Movies";
			productReference = FA889BD820C828AD00A67F47 /* Sky Movies.app */;
			productType = "com.apple.product-type.application";
		};
		FA889BEE20C828B000A67F47 /* Sky MoviesTests */ = {
			isa = PBXNativeTarget;
			buildConfigurationList = FA889BFB20C828B000A67F47 /* Build configuration list for PBXNativeTarget "Sky MoviesTests" */;
			buildPhases = (
				BE72187CA6B367258A489826 /* [CP] Check Pods Manifest.lock */,
				FA889BEB20C828B000A67F47 /* Sources */,
				FA889BEC20C828B000A67F47 /* Frameworks */,
				FA889BED20C828B000A67F47 /* Resources */,
				D8E28688194E91D5C0BE1BE7 /* [CP] Copy Pods Resources */,
			);
			buildRules = (
			);
			dependencies = (
				FA889BF120C828B000A67F47 /* PBXTargetDependency */,
			);
			name = "Sky MoviesTests";
			productName = "Sky MoviesTests";
			productReference = FA889BEF20C828B000A67F47 /* Sky MoviesTests.xctest */;
			productType = "com.apple.product-type.bundle.unit-test";
		};
/* End PBXNativeTarget section */

/* Begin PBXProject section */
		FA889BD020C828AD00A67F47 /* Project object */ = {
			isa = PBXProject;
			attributes = {
				LastSwiftUpdateCheck = 0940;
				LastUpgradeCheck = 0940;
				ORGANIZATIONNAME = "Kesley Ribeiro";
				TargetAttributes = {
					FA889BD720C828AD00A67F47 = {
						CreatedOnToolsVersion = 9.4;
					};
					FA889BEE20C828B000A67F47 = {
						CreatedOnToolsVersion = 9.4;
						TestTargetID = FA889BD720C828AD00A67F47;
					};
				};
			};
			buildConfigurationList = FA889BD320C828AD00A67F47 /* Build configuration list for PBXProject "Sky Movies" */;
			compatibilityVersion = "Xcode 9.3";
			developmentRegion = en;
			hasScannedForEncodings = 0;
			knownRegions = (
				en,
				Base,
			);
			mainGroup = FA889BCF20C828AD00A67F47;
			productRefGroup = FA889BD920C828AD00A67F47 /* Products */;
			projectDirPath = "";
			projectRoot = "";
			targets = (
				FA889BD720C828AD00A67F47 /* Sky Movies */,
				FA889BEE20C828B000A67F47 /* Sky MoviesTests */,
			);
		};
/* End PBXProject section */

/* Begin PBXResourcesBuildPhase section */
		FA889BD620C828AD00A67F47 /* Resources */ = {
			isa = PBXResourcesBuildPhase;
			buildActionMask = 2147483647;
			files = (
				FA889BE920C828AF00A67F47 /* LaunchScreen.storyboard in Resources */,
				FA889BE620C828AF00A67F47 /* Assets.xcassets in Resources */,
				FA889BE120C828AD00A67F47 /* Main.storyboard in Resources */,
			);
			runOnlyForDeploymentPostprocessing = 0;
		};
		FA889BED20C828B000A67F47 /* Resources */ = {
			isa = PBXResourcesBuildPhase;
			buildActionMask = 2147483647;
			files = (
			);
			runOnlyForDeploymentPostprocessing = 0;
		};
/* End PBXResourcesBuildPhase section */

/* Begin PBXShellScriptBuildPhase section */
		6C8DDDBA3F1511D846C924D9 /* [CP] Copy Pods Resources */ = {
			isa = PBXShellScriptBuildPhase;
			buildActionMask = 2147483647;
			files = (
			);
			inputPaths = (
				"${SRCROOT}/Pods/Target Support Files/Pods-Sky Movies/Pods-Sky Movies-resources.sh",
				"${PODS_CONFIGURATION_BUILD_DIR}/SwiftMessages/SwiftMessages.bundle",
			);
			name = "[CP] Copy Pods Resources";
			outputPaths = (
				"${TARGET_BUILD_DIR}/${UNLOCALIZED_RESOURCES_FOLDER_PATH}/SwiftMessages.bundle",
			);
			runOnlyForDeploymentPostprocessing = 0;
			shellPath = /bin/sh;
			shellScript = "\"${SRCROOT}/Pods/Target Support Files/Pods-Sky Movies/Pods-Sky Movies-resources.sh\"\n";
			showEnvVarsInLog = 0;
		};
		B8C373C827B0AC5A44AAE996 /* [CP] Check Pods Manifest.lock */ = {
			isa = PBXShellScriptBuildPhase;
			buildActionMask = 2147483647;
			files = (
			);
			inputPaths = (
				"${PODS_PODFILE_DIR_PATH}/Podfile.lock",
				"${PODS_ROOT}/Manifest.lock",
			);
			name = "[CP] Check Pods Manifest.lock";
			outputPaths = (
				"$(DERIVED_FILE_DIR)/Pods-Sky Movies-checkManifestLockResult.txt",
			);
			runOnlyForDeploymentPostprocessing = 0;
			shellPath = /bin/sh;
			shellScript = "diff \"${PODS_PODFILE_DIR_PATH}/Podfile.lock\" \"${PODS_ROOT}/Manifest.lock\" > /dev/null\nif [ $? != 0 ] ; then\n    # print error to STDERR\n    echo \"error: The sandbox is not in sync with the Podfile.lock. Run 'pod install' or update your CocoaPods installation.\" >&2\n    exit 1\nfi\n# This output is used by Xcode 'outputs' to avoid re-running this script phase.\necho \"SUCCESS\" > \"${SCRIPT_OUTPUT_FILE_0}\"\n";
			showEnvVarsInLog = 0;
		};
		BE72187CA6B367258A489826 /* [CP] Check Pods Manifest.lock */ = {
			isa = PBXShellScriptBuildPhase;
			buildActionMask = 2147483647;
			files = (
			);
			inputPaths = (
				"${PODS_PODFILE_DIR_PATH}/Podfile.lock",
				"${PODS_ROOT}/Manifest.lock",
			);
			name = "[CP] Check Pods Manifest.lock";
			outputPaths = (
				"$(DERIVED_FILE_DIR)/Pods-Sky Movies-Sky MoviesTests-checkManifestLockResult.txt",
			);
			runOnlyForDeploymentPostprocessing = 0;
			shellPath = /bin/sh;
			shellScript = "diff \"${PODS_PODFILE_DIR_PATH}/Podfile.lock\" \"${PODS_ROOT}/Manifest.lock\" > /dev/null\nif [ $? != 0 ] ; then\n    # print error to STDERR\n    echo \"error: The sandbox is not in sync with the Podfile.lock. Run 'pod install' or update your CocoaPods installation.\" >&2\n    exit 1\nfi\n# This output is used by Xcode 'outputs' to avoid re-running this script phase.\necho \"SUCCESS\" > \"${SCRIPT_OUTPUT_FILE_0}\"\n";
			showEnvVarsInLog = 0;
		};
		D8E28688194E91D5C0BE1BE7 /* [CP] Copy Pods Resources */ = {
			isa = PBXShellScriptBuildPhase;
			buildActionMask = 2147483647;
			files = (
			);
			inputPaths = (
				"${SRCROOT}/Pods/Target Support Files/Pods-Sky Movies-Sky MoviesTests/Pods-Sky Movies-Sky MoviesTests-resources.sh",
				"${PODS_CONFIGURATION_BUILD_DIR}/SwiftMessages/SwiftMessages.bundle",
			);
			name = "[CP] Copy Pods Resources";
			outputPaths = (
				"${TARGET_BUILD_DIR}/${UNLOCALIZED_RESOURCES_FOLDER_PATH}/SwiftMessages.bundle",
			);
			runOnlyForDeploymentPostprocessing = 0;
			shellPath = /bin/sh;
			shellScript = "\"${SRCROOT}/Pods/Target Support Files/Pods-Sky Movies-Sky MoviesTests/Pods-Sky Movies-Sky MoviesTests-resources.sh\"\n";
			showEnvVarsInLog = 0;
		};
/* End PBXShellScriptBuildPhase section */

/* Begin PBXSourcesBuildPhase section */
		FA889BD420C828AD00A67F47 /* Sources */ = {
			isa = PBXSourcesBuildPhase;
			buildActionMask = 2147483647;
			files = (
				FA889BDE20C828AD00A67F47 /* MoviesVC.swift in Sources */,
				FAFFDE7320C9D04C00BD023D /* DetailsVC.swift in Sources */,
				FA57896920C84D6F00CA3D12 /* MovieCVCell.swift in Sources */,
				FAFFDE6E20C8796600BD023D /* Movie.swift in Sources */,
				FABE44F320CAF93F00EFE2E8 /* Alerts.swift in Sources */,
				FA889BDC20C828AD00A67F47 /* AppDelegate.swift in Sources */,
				FAFFDE7120C87C8B00BD023D /* Constants.swift in Sources */,
				FA889BE420C828AD00A67F47 /* Sky_Movies.xcdatamodeld in Sources */,
				FA57896B20C8595900CA3D12 /* MovieHeaderView.swift in Sources */,
			);
			runOnlyForDeploymentPostprocessing = 0;
		};
		FA889BEB20C828B000A67F47 /* Sources */ = {
			isa = PBXSourcesBuildPhase;
			buildActionMask = 2147483647;
			files = (
				FA889BF420C828B000A67F47 /* Sky_MoviesTests.swift in Sources */,
			);
			runOnlyForDeploymentPostprocessing = 0;
		};
/* End PBXSourcesBuildPhase section */

/* Begin PBXTargetDependency section */
		FA889BF120C828B000A67F47 /* PBXTargetDependency */ = {
			isa = PBXTargetDependency;
			target = FA889BD720C828AD00A67F47 /* Sky Movies */;
			targetProxy = FA889BF020C828B000A67F47 /* PBXContainerItemProxy */;
		};
/* End PBXTargetDependency section */

/* Begin PBXVariantGroup section */
		FA889BDF20C828AD00A67F47 /* Main.storyboard */ = {
			isa = PBXVariantGroup;
			children = (
				FA889BE020C828AD00A67F47 /* Base */,
			);
			name = Main.storyboard;
			sourceTree = "<group>";
		};
		FA889BE720C828AF00A67F47 /* LaunchScreen.storyboard */ = {
			isa = PBXVariantGroup;
			children = (
				FA889BE820C828AF00A67F47 /* Base */,
			);
			name = LaunchScreen.storyboard;
			sourceTree = "<group>";
		};
/* End PBXVariantGroup section */

/* Begin XCBuildConfiguration section */
		FA889BF620C828B000A67F47 /* Debug */ = {
			isa = XCBuildConfiguration;
			buildSettings = {
				ALWAYS_SEARCH_USER_PATHS = NO;
				CLANG_ANALYZER_NONNULL = YES;
				CLANG_ANALYZER_NUMBER_OBJECT_CONVERSION = YES_AGGRESSIVE;
				CLANG_CXX_LANGUAGE_STANDARD = "gnu++14";
				CLANG_CXX_LIBRARY = "libc++";
				CLANG_ENABLE_MODULES = YES;
				CLANG_ENABLE_OBJC_ARC = YES;
				CLANG_ENABLE_OBJC_WEAK = YES;
				CLANG_WARN_BLOCK_CAPTURE_AUTORELEASING = YES;
				CLANG_WARN_BOOL_CONVERSION = YES;
				CLANG_WARN_COMMA = YES;
				CLANG_WARN_CONSTANT_CONVERSION = YES;
				CLANG_WARN_DEPRECATED_OBJC_IMPLEMENTATIONS = YES;
				CLANG_WARN_DIRECT_OBJC_ISA_USAGE = YES_ERROR;
				CLANG_WARN_DOCUMENTATION_COMMENTS = YES;
				CLANG_WARN_EMPTY_BODY = YES;
				CLANG_WARN_ENUM_CONVERSION = YES;
				CLANG_WARN_INFINITE_RECURSION = YES;
				CLANG_WARN_INT_CONVERSION = YES;
				CLANG_WARN_NON_LITERAL_NULL_CONVERSION = YES;
				CLANG_WARN_OBJC_IMPLICIT_RETAIN_SELF = YES;
				CLANG_WARN_OBJC_LITERAL_CONVERSION = YES;
				CLANG_WARN_OBJC_ROOT_CLASS = YES_ERROR;
				CLANG_WARN_RANGE_LOOP_ANALYSIS = YES;
				CLANG_WARN_STRICT_PROTOTYPES = YES;
				CLANG_WARN_SUSPICIOUS_MOVE = YES;
				CLANG_WARN_UNGUARDED_AVAILABILITY = YES_AGGRESSIVE;
				CLANG_WARN_UNREACHABLE_CODE = YES;
				CLANG_WARN__DUPLICATE_METHOD_MATCH = YES;
				CODE_SIGN_IDENTITY = "iPhone Developer";
				COPY_PHASE_STRIP = NO;
				DEBUG_INFORMATION_FORMAT = dwarf;
				ENABLE_STRICT_OBJC_MSGSEND = YES;
				ENABLE_TESTABILITY = YES;
				GCC_C_LANGUAGE_STANDARD = gnu11;
				GCC_DYNAMIC_NO_PIC = NO;
				GCC_NO_COMMON_BLOCKS = YES;
				GCC_OPTIMIZATION_LEVEL = 0;
				GCC_PREPROCESSOR_DEFINITIONS = (
					"DEBUG=1",
					"$(inherited)",
				);
				GCC_WARN_64_TO_32_BIT_CONVERSION = YES;
				GCC_WARN_ABOUT_RETURN_TYPE = YES_ERROR;
				GCC_WARN_UNDECLARED_SELECTOR = YES;
				GCC_WARN_UNINITIALIZED_AUTOS = YES_AGGRESSIVE;
				GCC_WARN_UNUSED_FUNCTION = YES;
				GCC_WARN_UNUSED_VARIABLE = YES;
				IPHONEOS_DEPLOYMENT_TARGET = 11.4;
				MTL_ENABLE_DEBUG_INFO = YES;
				ONLY_ACTIVE_ARCH = YES;
				SDKROOT = iphoneos;
				SWIFT_ACTIVE_COMPILATION_CONDITIONS = DEBUG;
				SWIFT_OPTIMIZATION_LEVEL = "-Onone";
			};
			name = Debug;
		};
		FA889BF720C828B000A67F47 /* Release */ = {
			isa = XCBuildConfiguration;
			buildSettings = {
				ALWAYS_SEARCH_USER_PATHS = NO;
				CLANG_ANALYZER_NONNULL = YES;
				CLANG_ANALYZER_NUMBER_OBJECT_CONVERSION = YES_AGGRESSIVE;
				CLANG_CXX_LANGUAGE_STANDARD = "gnu++14";
				CLANG_CXX_LIBRARY = "libc++";
				CLANG_ENABLE_MODULES = YES;
				CLANG_ENABLE_OBJC_ARC = YES;
				CLANG_ENABLE_OBJC_WEAK = YES;
				CLANG_WARN_BLOCK_CAPTURE_AUTORELEASING = YES;
				CLANG_WARN_BOOL_CONVERSION = YES;
				CLANG_WARN_COMMA = YES;
				CLANG_WARN_CONSTANT_CONVERSION = YES;
				CLANG_WARN_DEPRECATED_OBJC_IMPLEMENTATIONS = YES;
				CLANG_WARN_DIRECT_OBJC_ISA_USAGE = YES_ERROR;
				CLANG_WARN_DOCUMENTATION_COMMENTS = YES;
				CLANG_WARN_EMPTY_BODY = YES;
				CLANG_WARN_ENUM_CONVERSION = YES;
				CLANG_WARN_INFINITE_RECURSION = YES;
				CLANG_WARN_INT_CONVERSION = YES;
				CLANG_WARN_NON_LITERAL_NULL_CONVERSION = YES;
				CLANG_WARN_OBJC_IMPLICIT_RETAIN_SELF = YES;
				CLANG_WARN_OBJC_LITERAL_CONVERSION = YES;
				CLANG_WARN_OBJC_ROOT_CLASS = YES_ERROR;
				CLANG_WARN_RANGE_LOOP_ANALYSIS = YES;
				CLANG_WARN_STRICT_PROTOTYPES = YES;
				CLANG_WARN_SUSPICIOUS_MOVE = YES;
				CLANG_WARN_UNGUARDED_AVAILABILITY = YES_AGGRESSIVE;
				CLANG_WARN_UNREACHABLE_CODE = YES;
				CLANG_WARN__DUPLICATE_METHOD_MATCH = YES;
				CODE_SIGN_IDENTITY = "iPhone Developer";
				COPY_PHASE_STRIP = NO;
				DEBUG_INFORMATION_FORMAT = "dwarf-with-dsym";
				ENABLE_NS_ASSERTIONS = NO;
				ENABLE_STRICT_OBJC_MSGSEND = YES;
				GCC_C_LANGUAGE_STANDARD = gnu11;
				GCC_NO_COMMON_BLOCKS = YES;
				GCC_WARN_64_TO_32_BIT_CONVERSION = YES;
				GCC_WARN_ABOUT_RETURN_TYPE = YES_ERROR;
				GCC_WARN_UNDECLARED_SELECTOR = YES;
				GCC_WARN_UNINITIALIZED_AUTOS = YES_AGGRESSIVE;
				GCC_WARN_UNUSED_FUNCTION = YES;
				GCC_WARN_UNUSED_VARIABLE = YES;
				IPHONEOS_DEPLOYMENT_TARGET = 11.4;
				MTL_ENABLE_DEBUG_INFO = NO;
				SDKROOT = iphoneos;
				SWIFT_COMPILATION_MODE = wholemodule;
				SWIFT_OPTIMIZATION_LEVEL = "-O";
				VALIDATE_PRODUCT = YES;
			};
			name = Release;
		};
		FA889BF920C828B000A67F47 /* Debug */ = {
			isa = XCBuildConfiguration;
			baseConfigurationReference = 22DFB50333C7567BF96BDE25 /* Pods-Sky Movies.debug.xcconfig */;
			buildSettings = {
				ASSETCATALOG_COMPILER_APPICON_NAME = AppIcon;
				CODE_SIGN_STYLE = Automatic;
				DEVELOPMENT_TEAM = A3QR56LUBZ;
				INFOPLIST_FILE = "Sky Movies/Info.plist";
				IPHONEOS_DEPLOYMENT_TARGET = 11.0;
				LD_RUNPATH_SEARCH_PATHS = (
					"$(inherited)",
					"@executable_path/Frameworks",
				);
				PRODUCT_BUNDLE_IDENTIFIER = "com.br.kesleyribeiro.Sky-Movies";
				PRODUCT_NAME = "$(TARGET_NAME)";
				SWIFT_VERSION = 4.0;
				TARGETED_DEVICE_FAMILY = "1,2";
			};
			name = Debug;
		};
		FA889BFA20C828B000A67F47 /* Release */ = {
			isa = XCBuildConfiguration;
			baseConfigurationReference = D62B397224AC1898F33E44D9 /* Pods-Sky Movies.release.xcconfig */;
			buildSettings = {
				ASSETCATALOG_COMPILER_APPICON_NAME = AppIcon;
				CODE_SIGN_STYLE = Automatic;
				DEVELOPMENT_TEAM = A3QR56LUBZ;
				INFOPLIST_FILE = "Sky Movies/Info.plist";
				IPHONEOS_DEPLOYMENT_TARGET = 11.0;
				LD_RUNPATH_SEARCH_PATHS = (
					"$(inherited)",
					"@executable_path/Frameworks",
				);
				PRODUCT_BUNDLE_IDENTIFIER = "com.br.kesleyribeiro.Sky-Movies";
				PRODUCT_NAME = "$(TARGET_NAME)";
				SWIFT_VERSION = 4.0;
				TARGETED_DEVICE_FAMILY = "1,2";
			};
			name = Release;
		};
		FA889BFC20C828B000A67F47 /* Debug */ = {
			isa = XCBuildConfiguration;
			baseConfigurationReference = FA2EA069165CE5A44F83EB0C /* Pods-Sky Movies-Sky MoviesTests.debug.xcconfig */;
			buildSettings = {
				ALWAYS_EMBED_SWIFT_STANDARD_LIBRARIES = YES;
				BUNDLE_LOADER = "$(TEST_HOST)";
				CODE_SIGN_STYLE = Automatic;
				DEVELOPMENT_TEAM = A3QR56LUBZ;
				INFOPLIST_FILE = "Sky MoviesTests/Info.plist";
				LD_RUNPATH_SEARCH_PATHS = (
					"$(inherited)",
					"@executable_path/Frameworks",
					"@loader_path/Frameworks",
				);
				PRODUCT_BUNDLE_IDENTIFIER = "com.br.kesleyribeiro.Sky-MoviesTests";
				PRODUCT_NAME = "$(TARGET_NAME)";
				SWIFT_VERSION = 4.0;
				TARGETED_DEVICE_FAMILY = "1,2";
				TEST_HOST = "$(BUILT_PRODUCTS_DIR)/Sky Movies.app/Sky Movies";
			};
			name = Debug;
		};
		FA889BFD20C828B000A67F47 /* Release */ = {
			isa = XCBuildConfiguration;
			baseConfigurationReference = 0937F522A1BDA29171689CDD /* Pods-Sky Movies-Sky MoviesTests.release.xcconfig */;
			buildSettings = {
				ALWAYS_EMBED_SWIFT_STANDARD_LIBRARIES = YES;
				BUNDLE_LOADER = "$(TEST_HOST)";
				CODE_SIGN_STYLE = Automatic;
				DEVELOPMENT_TEAM = A3QR56LUBZ;
				INFOPLIST_FILE = "Sky MoviesTests/Info.plist";
				LD_RUNPATH_SEARCH_PATHS = (
					"$(inherited)",
					"@executable_path/Frameworks",
					"@loader_path/Frameworks",
				);
				PRODUCT_BUNDLE_IDENTIFIER = "com.br.kesleyribeiro.Sky-MoviesTests";
				PRODUCT_NAME = "$(TARGET_NAME)";
				SWIFT_VERSION = 4.0;
				TARGETED_DEVICE_FAMILY = "1,2";
				TEST_HOST = "$(BUILT_PRODUCTS_DIR)/Sky Movies.app/Sky Movies";
			};
			name = Release;
		};
/* End XCBuildConfiguration section */

/* Begin XCConfigurationList section */
		FA889BD320C828AD00A67F47 /* Build configuration list for PBXProject "Sky Movies" */ = {
			isa = XCConfigurationList;
			buildConfigurations = (
				FA889BF620C828B000A67F47 /* Debug */,
				FA889BF720C828B000A67F47 /* Release */,
			);
			defaultConfigurationIsVisible = 0;
			defaultConfigurationName = Release;
		};
		FA889BF820C828B000A67F47 /* Build configuration list for PBXNativeTarget "Sky Movies" */ = {
			isa = XCConfigurationList;
			buildConfigurations = (
				FA889BF920C828B000A67F47 /* Debug */,
				FA889BFA20C828B000A67F47 /* Release */,
			);
			defaultConfigurationIsVisible = 0;
			defaultConfigurationName = Release;
		};
		FA889BFB20C828B000A67F47 /* Build configuration list for PBXNativeTarget "Sky MoviesTests" */ = {
			isa = XCConfigurationList;
			buildConfigurations = (
				FA889BFC20C828B000A67F47 /* Debug */,
				FA889BFD20C828B000A67F47 /* Release */,
			);
			defaultConfigurationIsVisible = 0;
			defaultConfigurationName = Release;
		};
/* End XCConfigurationList section */

/* Begin XCVersionGroup section */
		FA889BE220C828AD00A67F47 /* Sky_Movies.xcdatamodeld */ = {
			isa = XCVersionGroup;
			children = (
				FA889BE320C828AD00A67F47 /* Sky_Movies.xcdatamodel */,
			);
			currentVersion = FA889BE320C828AD00A67F47 /* Sky_Movies.xcdatamodel */;
			path = Sky_Movies.xcdatamodeld;
			sourceTree = "<group>";
			versionGroupType = wrapper.xcdatamodel;
		};
/* End XCVersionGroup section */
	};
	rootObject = FA889BD020C828AD00A67F47 /* Project object */;
}
